// !$*UTF8*$!
{
	archiveVersion = 1;
	classes = {
	};
	objectVersion = 56;
	objects = {

/* Begin PBXBuildFile section */
		EA59ABFD2C41A0DB00283A0D /* ChangeCityVC.swift in Sources */ = {isa = PBXBuildFile; fileRef = EA59ABFC2C41A0DB00283A0D /* ChangeCityVC.swift */; };
		EA59ABFF2C41A2FD00283A0D /* City.swift in Sources */ = {isa = PBXBuildFile; fileRef = EA59ABFE2C41A2FD00283A0D /* City.swift */; };
		EA61DDD12C4027EA007D197F /* AppDelegate.swift in Sources */ = {isa = PBXBuildFile; fileRef = EA61DDD02C4027EA007D197F /* AppDelegate.swift */; };
		EA61DDD32C4027EA007D197F /* SceneDelegate.swift in Sources */ = {isa = PBXBuildFile; fileRef = EA61DDD22C4027EA007D197F /* SceneDelegate.swift */; };
		EA61DDD52C4027EA007D197F /* MainVC.swift in Sources */ = {isa = PBXBuildFile; fileRef = EA61DDD42C4027EA007D197F /* MainVC.swift */; };
		EA61DDD82C4027EA007D197F /* Base in Resources */ = {isa = PBXBuildFile; fileRef = EA61DDD72C4027EA007D197F /* Base */; };
		EA61DDDA2C4027EB007D197F /* Assets.xcassets in Resources */ = {isa = PBXBuildFile; fileRef = EA61DDD92C4027EB007D197F /* Assets.xcassets */; };
		EA61DDDD2C4027EB007D197F /* Base in Resources */ = {isa = PBXBuildFile; fileRef = EA61DDDC2C4027EB007D197F /* Base */; };
		EA726BEE2C402F85000F2B77 /* Pods_WeatherAPP.framework in Frameworks */ = {isa = PBXBuildFile; fileRef = 8FA54FD962F64571AA6BF415 /* Pods_WeatherAPP.framework */; };
/* End PBXBuildFile section */

/* Begin PBXFileReference section */
		8FA54FD962F64571AA6BF415 /* Pods_WeatherAPP.framework */ = {isa = PBXFileReference; explicitFileType = wrapper.framework; includeInIndex = 0; path = Pods_WeatherAPP.framework; sourceTree = BUILT_PRODUCTS_DIR; };
		9E1341A685824DB16004D19F /* Pods-WeatherAPP.debug.xcconfig */ = {isa = PBXFileReference; includeInIndex = 1; lastKnownFileType = text.xcconfig; name = "Pods-WeatherAPP.debug.xcconfig"; path = "Target Support Files/Pods-WeatherAPP/Pods-WeatherAPP.debug.xcconfig"; sourceTree = "<group>"; };
		C28911B46D13DC9A1E88D88A /* Pods-WeatherAPP.release.xcconfig */ = {isa = PBXFileReference; includeInIndex = 1; lastKnownFileType = text.xcconfig; name = "Pods-WeatherAPP.release.xcconfig"; path = "Target Support Files/Pods-WeatherAPP/Pods-WeatherAPP.release.xcconfig"; sourceTree = "<group>"; };
		EA59ABFC2C41A0DB00283A0D /* ChangeCityVC.swift */ = {isa = PBXFileReference; lastKnownFileType = sourcecode.swift; path = ChangeCityVC.swift; sourceTree = "<group>"; };
		EA59ABFE2C41A2FD00283A0D /* City.swift */ = {isa = PBXFileReference; lastKnownFileType = sourcecode.swift; path = City.swift; sourceTree = "<group>"; };
		EA61DDCD2C4027EA007D197F /* WeatherAPP.app */ = {isa = PBXFileReference; explicitFileType = wrapper.application; includeInIndex = 0; path = WeatherAPP.app; sourceTree = BUILT_PRODUCTS_DIR; };
		EA61DDD02C4027EA007D197F /* AppDelegate.swift */ = {isa = PBXFileReference; lastKnownFileType = sourcecode.swift; path = AppDelegate.swift; sourceTree = "<group>"; };
		EA61DDD22C4027EA007D197F /* SceneDelegate.swift */ = {isa = PBXFileReference; lastKnownFileType = sourcecode.swift; path = SceneDelegate.swift; sourceTree = "<group>"; };
		EA61DDD42C4027EA007D197F /* MainVC.swift */ = {isa = PBXFileReference; lastKnownFileType = sourcecode.swift; path = MainVC.swift; sourceTree = "<group>"; };
		EA61DDD72C4027EA007D197F /* Base */ = {isa = PBXFileReference; lastKnownFileType = file.storyboard; name = Base; path = Base.lproj/Main.storyboard; sourceTree = "<group>"; };
		EA61DDD92C4027EB007D197F /* Assets.xcassets */ = {isa = PBXFileReference; lastKnownFileType = folder.assetcatalog; path = Assets.xcassets; sourceTree = "<group>"; };
		EA61DDDC2C4027EB007D197F /* Base */ = {isa = PBXFileReference; lastKnownFileType = file.storyboard; name = Base; path = Base.lproj/LaunchScreen.storyboard; sourceTree = "<group>"; };
		EA61DDDE2C4027EB007D197F /* Info.plist */ = {isa = PBXFileReference; lastKnownFileType = text.plist.xml; path = Info.plist; sourceTree = "<group>"; };
/* End PBXFileReference section */

/* Begin PBXFrameworksBuildPhase section */
		EA61DDCA2C4027EA007D197F /* Frameworks */ = {
			isa = PBXFrameworksBuildPhase;
			buildActionMask = 2147483647;
			files = (
				EA726BEE2C402F85000F2B77 /* Pods_WeatherAPP.framework in Frameworks */,
			);
			runOnlyForDeploymentPostprocessing = 0;
		};
/* End PBXFrameworksBuildPhase section */

/* Begin PBXGroup section */
		363166DB1D1ECB98C3FE25B6 /* Frameworks */ = {
			isa = PBXGroup;
			children = (
				8FA54FD962F64571AA6BF415 /* Pods_WeatherAPP.framework */,
			);
			name = Frameworks;
			sourceTree = "<group>";
		};
		49BC6BB9505C9A401BF5D170 /* Pods */ = {
			isa = PBXGroup;
			children = (
				9E1341A685824DB16004D19F /* Pods-WeatherAPP.debug.xcconfig */,
				C28911B46D13DC9A1E88D88A /* Pods-WeatherAPP.release.xcconfig */,
			);
			path = Pods;
			sourceTree = "<group>";
		};
		EA61DDC42C4027EA007D197F = {
			isa = PBXGroup;
			children = (
				EA61DDCF2C4027EA007D197F /* WeatherAPP */,
				EA61DDCE2C4027EA007D197F /* Products */,
				49BC6BB9505C9A401BF5D170 /* Pods */,
				363166DB1D1ECB98C3FE25B6 /* Frameworks */,
			);
			sourceTree = "<group>";
		};
		EA61DDCE2C4027EA007D197F /* Products */ = {
			isa = PBXGroup;
			children = (
				EA61DDCD2C4027EA007D197F /* WeatherAPP.app */,
			);
			name = Products;
			sourceTree = "<group>";
		};
		EA61DDCF2C4027EA007D197F /* WeatherAPP */ = {
			isa = PBXGroup;
			children = (
				EA61DDD02C4027EA007D197F /* AppDelegate.swift */,
				EA61DDD22C4027EA007D197F /* SceneDelegate.swift */,
				EA61DDD42C4027EA007D197F /* MainVC.swift */,
				EA59ABFC2C41A0DB00283A0D /* ChangeCityVC.swift */,
				EA59ABFE2C41A2FD00283A0D /* City.swift */,
				EA61DDD62C4027EA007D197F /* Main.storyboard */,
				EA61DDD92C4027EB007D197F /* Assets.xcassets */,
				EA61DDDB2C4027EB007D197F /* LaunchScreen.storyboard */,
				EA61DDDE2C4027EB007D197F /* Info.plist */,
			);
			path = WeatherAPP;
			sourceTree = "<group>";
		};
/* End PBXGroup section */

/* Begin PBXNativeTarget section */
		EA61DDCC2C4027EA007D197F /* WeatherAPP */ = {
			isa = PBXNativeTarget;
			buildConfigurationList = EA61DDE12C4027EB007D197F /* Build configuration list for PBXNativeTarget "WeatherAPP" */;
			buildPhases = (
				478298AB2C91CB8E942808FB /* [CP] Check Pods Manifest.lock */,
				EA61DDC92C4027EA007D197F /* Sources */,
				EA61DDCA2C4027EA007D197F /* Frameworks */,
				EA61DDCB2C4027EA007D197F /* Resources */,
				7D474E095FC50843F063AE29 /* [CP] Embed Pods Frameworks */,
			);
			buildRules = (
			);
			dependencies = (
			);
			name = WeatherAPP;
			productName = WeatherAPP;
			productReference = EA61DDCD2C4027EA007D197F /* WeatherAPP.app */;
			productType = "com.apple.product-type.application";
		};
/* End PBXNativeTarget section */

/* Begin PBXProject section */
		EA61DDC52C4027EA007D197F /* Project object */ = {
			isa = PBXProject;
			attributes = {
				BuildIndependentTargetsInParallel = 1;
				LastSwiftUpdateCheck = 1540;
				LastUpgradeCheck = 1540;
				TargetAttributes = {
					EA61DDCC2C4027EA007D197F = {
						CreatedOnToolsVersion = 15.4;
					};
				};
			};
			buildConfigurationList = EA61DDC82C4027EA007D197F /* Build configuration list for PBXProject "WeatherAPP" */;
			compatibilityVersion = "Xcode 14.0";
			developmentRegion = en;
			hasScannedForEncodings = 0;
			knownRegions = (
				en,
				Base,
			);
			mainGroup = EA61DDC42C4027EA007D197F;
			productRefGroup = EA61DDCE2C4027EA007D197F /* Products */;
			projectDirPath = "";
			projectRoot = "";
			targets = (
				EA61DDCC2C4027EA007D197F /* WeatherAPP */,
			);
		};
/* End PBXProject section */

/* Begin PBXResourcesBuildPhase section */
		EA61DDCB2C4027EA007D197F /* Resources */ = {
			isa = PBXResourcesBuildPhase;
			buildActionMask = 2147483647;
			files = (
				EA61DDDA2C4027EB007D197F /* Assets.xcassets in Resources */,
				EA61DDDD2C4027EB007D197F /* Base in Resources */,
				EA61DDD82C4027EA007D197F /* Base in Resources */,
			);
			runOnlyForDeploymentPostprocessing = 0;
		};
/* End PBXResourcesBuildPhase section */

/* Begin PBXShellScriptBuildPhase section */
		478298AB2C91CB8E942808FB /* [CP] Check Pods Manifest.lock */ = {
			isa = PBXShellScriptBuildPhase;
			buildActionMask = 2147483647;
			files = (
			);
			inputFileListPaths = (
			);
			inputPaths = (
				"${PODS_PODFILE_DIR_PATH}/Podfile.lock",
				"${PODS_ROOT}/Manifest.lock",
			);
			name = "[CP] Check Pods Manifest.lock";
			outputFileListPaths = (
			);
			outputPaths = (
				"$(DERIVED_FILE_DIR)/Pods-WeatherAPP-checkManifestLockResult.txt",
			);
			runOnlyForDeploymentPostprocessing = 0;
			shellPath = /bin/sh;
			shellScript = "diff \"${PODS_PODFILE_DIR_PATH}/Podfile.lock\" \"${PODS_ROOT}/Manifest.lock\" > /dev/null\nif [ $? != 0 ] ; then\n    # print error to STDERR\n    echo \"error: The sandbox is not in sync with the Podfile.lock. Run 'pod install' or update your CocoaPods installation.\" >&2\n    exit 1\nfi\n# This output is used by Xcode 'outputs' to avoid re-running this script phase.\necho \"SUCCESS\" > \"${SCRIPT_OUTPUT_FILE_0}\"\n";
			showEnvVarsInLog = 0;
		};
		7D474E095FC50843F063AE29 /* [CP] Embed Pods Frameworks */ = {
			isa = PBXShellScriptBuildPhase;
			buildActionMask = 2147483647;
			files = (
			);
			inputFileListPaths = (
				"${PODS_ROOT}/Target Support Files/Pods-WeatherAPP/Pods-WeatherAPP-frameworks-${CONFIGURATION}-input-files.xcfilelist",
			);
			name = "[CP] Embed Pods Frameworks";
			outputFileListPaths = (
				"${PODS_ROOT}/Target Support Files/Pods-WeatherAPP/Pods-WeatherAPP-frameworks-${CONFIGURATION}-output-files.xcfilelist",
			);
			runOnlyForDeploymentPostprocessing = 0;
			shellPath = /bin/sh;
			shellScript = "\"${PODS_ROOT}/Target Support Files/Pods-WeatherAPP/Pods-WeatherAPP-frameworks.sh\"\n";
			showEnvVarsInLog = 0;
		};
/* End PBXShellScriptBuildPhase section */

/* Begin PBXSourcesBuildPhase section */
		EA61DDC92C4027EA007D197F /* Sources */ = {
			isa = PBXSourcesBuildPhase;
			buildActionMask = 2147483647;
			files = (
				EA61DDD52C4027EA007D197F /* MainVC.swift in Sources */,
				EA59ABFF2C41A2FD00283A0D /* City.swift in Sources */,
				EA59ABFD2C41A0DB00283A0D /* ChangeCityVC.swift in Sources */,
				EA61DDD12C4027EA007D197F /* AppDelegate.swift in Sources */,
				EA61DDD32C4027EA007D197F /* SceneDelegate.swift in Sources */,
			);
			runOnlyForDeploymentPostprocessing = 0;
		};
/* End PBXSourcesBuildPhase section */

/* Begin PBXVariantGroup section */
		EA61DDD62C4027EA007D197F /* Main.storyboard */ = {
			isa = PBXVariantGroup;
			children = (
				EA61DDD72C4027EA007D197F /* Base */,
			);
			name = Main.storyboard;
			sourceTree = "<group>";
		};
		EA61DDDB2C4027EB007D197F /* LaunchScreen.storyboard */ = {
			isa = PBXVariantGroup;
			children = (
				EA61DDDC2C4027EB007D197F /* Base */,
			);
			name = LaunchScreen.storyboard;
			sourceTree = "<group>";
		};
/* End PBXVariantGroup section */

/* Begin XCBuildConfiguration section */
		EA61DDDF2C4027EB007D197F /* Debug */ = {
			isa = XCBuildConfiguration;
			buildSettings = {
				ALWAYS_SEARCH_USER_PATHS = NO;
				ASSETCATALOG_COMPILER_GENERATE_SWIFT_ASSET_SYMBOL_EXTENSIONS = YES;
				CLANG_ANALYZER_NONNULL = YES;
				CLANG_ANALYZER_NUMBER_OBJECT_CONVERSION = YES_AGGRESSIVE;
				CLANG_CXX_LANGUAGE_STANDARD = "gnu++20";
				CLANG_ENABLE_MODULES = YES;
				CLANG_ENABLE_OBJC_ARC = YES;
				CLANG_ENABLE_OBJC_WEAK = YES;
				CLANG_WARN_BLOCK_CAPTURE_AUTORELEASING = YES;
				CLANG_WARN_BOOL_CONVERSION = YES;
				CLANG_WARN_COMMA = YES;
				CLANG_WARN_CONSTANT_CONVERSION = YES;
				CLANG_WARN_DEPRECATED_OBJC_IMPLEMENTATIONS = YES;
				CLANG_WARN_DIRECT_OBJC_ISA_USAGE = YES_ERROR;
				CLANG_WARN_DOCUMENTATION_COMMENTS = YES;
				CLANG_WARN_EMPTY_BODY = YES;
				CLANG_WARN_ENUM_CONVERSION = YES;
				CLANG_WARN_INFINITE_RECURSION = YES;
				CLANG_WARN_INT_CONVERSION = YES;
				CLANG_WARN_NON_LITERAL_NULL_CONVERSION = YES;
				CLANG_WARN_OBJC_IMPLICIT_RETAIN_SELF = YES;
				CLANG_WARN_OBJC_LITERAL_CONVERSION = YES;
				CLANG_WARN_OBJC_ROOT_CLASS = YES_ERROR;
				CLANG_WARN_QUOTED_INCLUDE_IN_FRAMEWORK_HEADER = YES;
				CLANG_WARN_RANGE_LOOP_ANALYSIS = YES;
				CLANG_WARN_STRICT_PROTOTYPES = YES;
				CLANG_WARN_SUSPICIOUS_MOVE = YES;
				CLANG_WARN_UNGUARDED_AVAILABILITY = YES_AGGRESSIVE;
				CLANG_WARN_UNREACHABLE_CODE = YES;
				CLANG_WARN__DUPLICATE_METHOD_MATCH = YES;
				COPY_PHASE_STRIP = NO;
				DEBUG_INFORMATION_FORMAT = dwarf;
				ENABLE_STRICT_OBJC_MSGSEND = YES;
				ENABLE_TESTABILITY = YES;
				ENABLE_USER_SCRIPT_SANDBOXING = YES;
				GCC_C_LANGUAGE_STANDARD = gnu17;
				GCC_DYNAMIC_NO_PIC = NO;
				GCC_NO_COMMON_BLOCKS = YES;
				GCC_OPTIMIZATION_LEVEL = 0;
				GCC_PREPROCESSOR_DEFINITIONS = (
					"DEBUG=1",
					"$(inherited)",
				);
				GCC_WARN_64_TO_32_BIT_CONVERSION = YES;
				GCC_WARN_ABOUT_RETURN_TYPE = YES_ERROR;
				GCC_WARN_UNDECLARED_SELECTOR = YES;
				GCC_WARN_UNINITIALIZED_AUTOS = YES_AGGRESSIVE;
				GCC_WARN_UNUSED_FUNCTION = YES;
				GCC_WARN_UNUSED_VARIABLE = YES;
				IPHONEOS_DEPLOYMENT_TARGET = 17.5;
				LOCALIZATION_PREFERS_STRING_CATALOGS = YES;
				MTL_ENABLE_DEBUG_INFO = INCLUDE_SOURCE;
				MTL_FAST_MATH = YES;
				ONLY_ACTIVE_ARCH = YES;
				SDKROOT = iphoneos;
				SWIFT_ACTIVE_COMPILATION_CONDITIONS = "DEBUG $(inherited)";
				SWIFT_OPTIMIZATION_LEVEL = "-Onone";
			};
			name = Debug;
		};
		EA61DDE02C4027EB007D197F /* Release */ = {
			isa = XCBuildConfiguration;
			buildSettings = {
				ALWAYS_SEARCH_USER_PATHS = NO;
				ASSETCATALOG_COMPILER_GENERATE_SWIFT_ASSET_SYMBOL_EXTENSIONS = YES;
				CLANG_ANALYZER_NONNULL = YES;
				CLANG_ANALYZER_NUMBER_OBJECT_CONVERSION = YES_AGGRESSIVE;
				CLANG_CXX_LANGUAGE_STANDARD = "gnu++20";
				CLANG_ENABLE_MODULES = YES;
				CLANG_ENABLE_OBJC_ARC = YES;
				CLANG_ENABLE_OBJC_WEAK = YES;
				CLANG_WARN_BLOCK_CAPTURE_AUTORELEASING = YES;
				CLANG_WARN_BOOL_CONVERSION = YES;
				CLANG_WARN_COMMA = YES;
				CLANG_WARN_CONSTANT_CONVERSION = YES;
				CLANG_WARN_DEPRECATED_OBJC_IMPLEMENTATIONS = YES;
				CLANG_WARN_DIRECT_OBJC_ISA_USAGE = YES_ERROR;
				CLANG_WARN_DOCUMENTATION_COMMENTS = YES;
				CLANG_WARN_EMPTY_BODY = YES;
				CLANG_WARN_ENUM_CONVERSION = YES;
				CLANG_WARN_INFINITE_RECURSION = YES;
				CLANG_WARN_INT_CONVERSION = YES;
				CLANG_WARN_NON_LITERAL_NULL_CONVERSION = YES;
				CLANG_WARN_OBJC_IMPLICIT_RETAIN_SELF = YES;
				CLANG_WARN_OBJC_LITERAL_CONVERSION = YES;
				CLANG_WARN_OBJC_ROOT_CLASS = YES_ERROR;
				CLANG_WARN_QUOTED_INCLUDE_IN_FRAMEWORK_HEADER = YES;
				CLANG_WARN_RANGE_LOOP_ANALYSIS = YES;
				CLANG_WARN_STRICT_PROTOTYPES = YES;
				CLANG_WARN_SUSPICIOUS_MOVE = YES;
				CLANG_WARN_UNGUARDED_AVAILABILITY = YES_AGGRESSIVE;
				CLANG_WARN_UNREACHABLE_CODE = YES;
				CLANG_WARN__DUPLICATE_METHOD_MATCH = YES;
				COPY_PHASE_STRIP = NO;
				DEBUG_INFORMATION_FORMAT = "dwarf-with-dsym";
				ENABLE_NS_ASSERTIONS = NO;
				ENABLE_STRICT_OBJC_MSGSEND = YES;
				ENABLE_USER_SCRIPT_SANDBOXING = YES;
				GCC_C_LANGUAGE_STANDARD = gnu17;
				GCC_NO_COMMON_BLOCKS = YES;
				GCC_WARN_64_TO_32_BIT_CONVERSION = YES;
				GCC_WARN_ABOUT_RETURN_TYPE = YES_ERROR;
				GCC_WARN_UNDECLARED_SELECTOR = YES;
				GCC_WARN_UNINITIALIZED_AUTOS = YES_AGGRESSIVE;
				GCC_WARN_UNUSED_FUNCTION = YES;
				GCC_WARN_UNUSED_VARIABLE = YES;
				IPHONEOS_DEPLOYMENT_TARGET = 17.5;
				LOCALIZATION_PREFERS_STRING_CATALOGS = YES;
				MTL_ENABLE_DEBUG_INFO = NO;
				MTL_FAST_MATH = YES;
				SDKROOT = iphoneos;
				SWIFT_COMPILATION_MODE = wholemodule;
				VALIDATE_PRODUCT = YES;
			};
			name = Release;
		};
		EA61DDE22C4027EB007D197F /* Debug */ = {
			isa = XCBuildConfiguration;
			baseConfigurationReference = 9E1341A685824DB16004D19F /* Pods-WeatherAPP.debug.xcconfig */;
			buildSettings = {
				ASSETCATALOG_COMPILER_APPICON_NAME = AppIcon;
				ASSETCATALOG_COMPILER_GLOBAL_ACCENT_COLOR_NAME = AccentColor;
				CODE_SIGN_STYLE = Automatic;
				CURRENT_PROJECT_VERSION = 1;
				DEVELOPMENT_TEAM = DV5H7CDUD5;
				ENABLE_USER_SCRIPT_SANDBOXING = NO;
				GENERATE_INFOPLIST_FILE = YES;
				INFOPLIST_FILE = WeatherAPP/Info.plist;
				INFOPLIST_KEY_UIApplicationSupportsIndirectInputEvents = YES;
				INFOPLIST_KEY_UILaunchStoryboardName = LaunchScreen;
				INFOPLIST_KEY_UIMainStoryboardFile = Main;
				INFOPLIST_KEY_UISupportedInterfaceOrientations_iPad = "UIInterfaceOrientationPortrait UIInterfaceOrientationPortraitUpsideDown UIInterfaceOrientationLandscapeLeft UIInterfaceOrientationLandscapeRight";
				INFOPLIST_KEY_UISupportedInterfaceOrientations_iPhone = "UIInterfaceOrientationPortrait UIInterfaceOrientationLandscapeLeft UIInterfaceOrientationLandscapeRight";
				LD_RUNPATH_SEARCH_PATHS = (
					"$(inherited)",
					"@executable_path/Frameworks",
				);
				MARKETING_VERSION = 1.0;
				PRODUCT_BUNDLE_IDENTIFIER = tese.WeatherAPP;
				PRODUCT_NAME = "$(TARGET_NAME)";
				SWIFT_EMIT_LOC_STRINGS = YES;
				SWIFT_VERSION = 5.0;
				TARGETED_DEVICE_FAMILY = "1,2";
			};
			name = Debug;
		};
		EA61DDE32C4027EB007D197F /* Release */ = {
			isa = XCBuildConfiguration;
			baseConfigurationReference = C28911B46D13DC9A1E88D88A /* Pods-WeatherAPP.release.xcconfig */;
			buildSettings = {
				ASSETCATALOG_COMPILER_APPICON_NAME = AppIcon;
				ASSETCATALOG_COMPILER_GLOBAL_ACCENT_COLOR_NAME = AccentColor;
				CODE_SIGN_STYLE = Automatic;
				CURRENT_PROJECT_VERSION = 1;
				DEVELOPMENT_TEAM = DV5H7CDUD5;
				ENABLE_USER_SCRIPT_SANDBOXING = NO;
				GENERATE_INFOPLIST_FILE = YES;
				INFOPLIST_FILE = WeatherAPP/Info.plist;
				INFOPLIST_KEY_UIApplicationSupportsIndirectInputEvents = YES;
				INFOPLIST_KEY_UILaunchStoryboardName = LaunchScreen;
				INFOPLIST_KEY_UIMainStoryboardFile = Main;
				INFOPLIST_KEY_UISupportedInterfaceOrientations_iPad = "UIInterfaceOrientationPortrait UIInterfaceOrientationPortraitUpsideDown UIInterfaceOrientationLandscapeLeft UIInterfaceOrientationLandscapeRight";
				INFOPLIST_KEY_UISupportedInterfaceOrientations_iPhone = "UIInterfaceOrientationPortrait UIInterfaceOrientationLandscapeLeft UIInterfaceOrientationLandscapeRight";
				LD_RUNPATH_SEARCH_PATHS = (
					"$(inherited)",
					"@executable_path/Frameworks",
				);
				MARKETING_VERSION = 1.0;
				PRODUCT_BUNDLE_IDENTIFIER = tese.WeatherAPP;
				PRODUCT_NAME = "$(TARGET_NAME)";
				SWIFT_EMIT_LOC_STRINGS = YES;
				SWIFT_VERSION = 5.0;
				TARGETED_DEVICE_FAMILY = "1,2";
			};
			name = Release;
		};
/* End XCBuildConfiguration section */

/* Begin XCConfigurationList section */
		EA61DDC82C4027EA007D197F /* Build configuration list for PBXProject "WeatherAPP" */ = {
			isa = XCConfigurationList;
			buildConfigurations = (
				EA61DDDF2C4027EB007D197F /* Debug */,
				EA61DDE02C4027EB007D197F /* Release */,
			);
			defaultConfigurationIsVisible = 0;
			defaultConfigurationName = Release;
		};
		EA61DDE12C4027EB007D197F /* Build configuration list for PBXNativeTarget "WeatherAPP" */ = {
			isa = XCConfigurationList;
			buildConfigurations = (
				EA61DDE22C4027EB007D197F /* Debug */,
				EA61DDE32C4027EB007D197F /* Release */,
			);
			defaultConfigurationIsVisible = 0;
			defaultConfigurationName = Release;
		};
/* End XCConfigurationList section */
	};
	rootObject = EA61DDC52C4027EA007D197F /* Project object */;
}
